
Microsoft Visual Studio Solution File, Format Version 12.00
# Visual Studio Version 16
VisualStudioVersion = 16.0.31424.327
MinimumVisualStudioVersion = 10.0.40219.1
Project("{9A19103F-16F7-4668-BE54-9A1E7A4F7556}") = "AlbumWeb", "AlbumWeb\AlbumWeb.csproj", "{BBA440DB-CEEA-41CE-8A14-F156310BE6CC}"
EndProject
Project("{9A19103F-16F7-4668-BE54-9A1E7A4F7556}") = "Service", "Service\Service.csproj", "{92D8F6B4-23E9-4755-B773-AC01B25E6328}"
EndProject
Project("{9A19103F-16F7-4668-BE54-9A1E7A4F7556}") = "DataSource", "API\DataSource.csproj", "{C2F70C95-CD22-44A9-8477-B7EEE715D560}"
EndProject
Global
	GlobalSection(SolutionConfigurationPlatforms) = preSolution
		Debug|Any CPU = Debug|Any CPU
		Release|Any CPU = Release|Any CPU
	EndGlobalSection
	GlobalSection(ProjectConfigurationPlatforms) = postSolution
		{BBA440DB-CEEA-41CE-8A14-F156310BE6CC}.Debug|Any CPU.ActiveCfg = Debug|Any CPU
		{BBA440DB-CEEA-41CE-8A14-F156310BE6CC}.Debug|Any CPU.Build.0 = Debug|Any CPU
		{BBA440DB-CEEA-41CE-8A14-F156310BE6CC}.Release|Any CPU.ActiveCfg = Release|Any CPU
		{BBA440DB-CEEA-41CE-8A14-F156310BE6CC}.Release|Any CPU.Build.0 = Release|Any CPU
		{92D8F6B4-23E9-4755-B773-AC01B25E6328}.Debug|Any CPU.ActiveCfg = Debug|Any CPU
		{92D8F6B4-23E9-4755-B773-AC01B25E6328}.Debug|Any CPU.Build.0 = Debug|Any CPU
		{92D8F6B4-23E9-4755-B773-AC01B25E6328}.Release|Any CPU.ActiveCfg = Release|Any CPU
		{92D8F6B4-23E9-4755-B773-AC01B25E6328}.Release|Any CPU.Build.0 = Release|Any CPU
		{C2F70C95-CD22-44A9-8477-B7EEE715D560}.Debug|Any CPU.ActiveCfg = Debug|Any CPU
		{C2F70C95-CD22-44A9-8477-B7EEE715D560}.Debug|Any CPU.Build.0 = Debug|Any CPU
		{C2F70C95-CD22-44A9-8477-B7EEE715D560}.Release|Any CPU.ActiveCfg = Release|Any CPU
		{C2F70C95-CD22-44A9-8477-B7EEE715D560}.Release|Any CPU.Build.0 = Release|Any CPU
	EndGlobalSection
	GlobalSection(SolutionProperties) = preSolution
		HideSolutionNode = FALSE
	EndGlobalSection
	GlobalSection(ExtensibilityGlobals) = postSolution
		SolutionGuid = {C10C0BB7-57BB-49BD-BEF4-8CE3E388C4A6}
	EndGlobalSection
EndGlobal
